
Microsoft Visual Studio Solution File, Format Version 12.00
# Visual Studio Version 17
VisualStudioVersion = 17.9.34607.119
MinimumVisualStudioVersion = 10.0.40219.1
Project("{FAE04EC0-301F-11D3-BF4B-00C04F79EFBC}") = "SOA", "SOA.csproj", "{2985AE55-6E0C-44F4-AEC9-1B74A4A3440F}"
EndProject
Global
	GlobalSection(SolutionConfigurationPlatforms) = preSolution
		Debug|Any CPU = Debug|Any CPU
		Release|Any CPU = Release|Any CPU
	EndGlobalSection
	GlobalSection(ProjectConfigurationPlatforms) = postSolution
		{2985AE55-6E0C-44F4-AEC9-1B74A4A3440F}.Debug|Any CPU.ActiveCfg = Debug|Any CPU
		{2985AE55-6E0C-44F4-AEC9-1B74A4A3440F}.Debug|Any CPU.Build.0 = Debug|Any CPU
		{2985AE55-6E0C-44F4-AEC9-1B74A4A3440F}.Release|Any CPU.ActiveCfg = Release|Any CPU
		{2985AE55-6E0C-44F4-AEC9-1B74A4A3440F}.Release|Any CPU.Build.0 = Release|Any CPU
	EndGlobalSection
	GlobalSection(SolutionProperties) = preSolution
		HideSolutionNode = FALSE
	EndGlobalSection
	GlobalSection(ExtensibilityGlobals) = postSolution
		SolutionGuid = {AD1533B0-E173-41EC-B822-6455419DCCBB}
	EndGlobalSection
EndGlobal
